{
  "name": "simplestack",
  "version": "1.0.0",
  "lockfileVersion": 3,
  "requires": true,
  "packages": {
    "": {
      "name": "simplestack",
      "version": "1.0.0",
      "license": "MIT",
      "dependencies": {
        "total5": "^0.0.14-5",
        "yaml": "latest"
      }
    },
    "node_modules/total5": {
      "version": "0.0.14-6",
      "resolved": "https://registry.npmjs.org/total5/-/total5-0.0.14-6.tgz",
      "integrity": "sha512-9V9wS9Em2Xf7Be3VSiqAip3WN0uYDRPepj+z7llXl7DDH2Lw3AiJyCTUCKZL6xiHy7MGxFQREOZXn5Sj1xVxTQ==",
      "license": "MIT",
      "bin": {
        "flow5": "bin/flow5",
        "total5": "bin/total5"
      }
    },
    "node_modules/yaml": {
      "version": "2.8.1",
      "resolved": "https://registry.npmjs.org/yaml/-/yaml-2.8.1.tgz",
      "integrity": "sha512-lcYcMxX2PO9XMGvAJkJ3OsNMw+/7FKes7/hgerGUYWIoWu5j/+YQqcZr5JnPZWzOsEBgMbSbiSTn/dv/69Mkpw==",
      "license": "ISC",
      "bin": {
        "yaml": "bin.mjs"
      },
      "engines": {
        "node": ">= 14.6"
      }
    }
  }
}
